
Microsoft Visual Studio Solution File, Format Version 12.00
# Visual Studio 15
VisualStudioVersion = 15.0.27004.2009
MinimumVisualStudioVersion = 10.0.40219.1
Project("{9A19103F-16F7-4668-BE54-9A1E7A4F7556}") = "IdentityServer4Sample.WebApi", "IdentityServer4Sample.WebApi\IdentityServer4Sample.WebApi.csproj", "{6EB6E1DA-F2DD-47ED-B10D-FF413E6BDD74}"
EndProject
Project("{9A19103F-16F7-4668-BE54-9A1E7A4F7556}") = "IdentityServer4Sample.ConsoleClient", "IdentityServer4Sample.ConsoleClient\IdentityServer4Sample.ConsoleClient.csproj", "{92C95BC3-653F-40F6-972E-64F9B347E5E9}"
EndProject
Project("{9A19103F-16F7-4668-BE54-9A1E7A4F7556}") = "IdentityServer4Sample.Client", "IdentityServer4Sample.Client\IdentityServer4Sample.Client.csproj", "{56A65754-792C-4965-9BB6-17375261AAB6}"
EndProject
Project("{9A19103F-16F7-4668-BE54-9A1E7A4F7556}") = "IdentityServer4Sample.Server", "IdentityServer4Sample.Server\IdentityServer4Sample.Server.csproj", "{94FBAD3A-49FB-42CD-8CEA-E63A71A032B8}"
EndProject
Project("{9A19103F-16F7-4668-BE54-9A1E7A4F7556}") = "IdentityServer4Sample.JsClient", "IdentityServer4Sample.JsClient\IdentityServer4Sample.JsClient.csproj", "{807B098C-DAB7-4D9B-887D-EABCE949F01D}"
EndProject
Project("{FAE04EC0-301F-11D3-BF4B-00C04F79EFBC}") = "IdentityServer4WithAspNetIdentity", "IdentityServer4WithAspNetIdentity\IdentityServer4WithAspNetIdentity.csproj", "{71475FB3-ADC0-4CBB-9C1B-70EF3A0432F3}"
EndProject
Global
	GlobalSection(SolutionConfigurationPlatforms) = preSolution
		Debug|Any CPU = Debug|Any CPU
		Release|Any CPU = Release|Any CPU
	EndGlobalSection
	GlobalSection(ProjectConfigurationPlatforms) = postSolution
		{6EB6E1DA-F2DD-47ED-B10D-FF413E6BDD74}.Debug|Any CPU.ActiveCfg = Debug|Any CPU
		{6EB6E1DA-F2DD-47ED-B10D-FF413E6BDD74}.Debug|Any CPU.Build.0 = Debug|Any CPU
		{6EB6E1DA-F2DD-47ED-B10D-FF413E6BDD74}.Release|Any CPU.ActiveCfg = Release|Any CPU
		{6EB6E1DA-F2DD-47ED-B10D-FF413E6BDD74}.Release|Any CPU.Build.0 = Release|Any CPU
		{92C95BC3-653F-40F6-972E-64F9B347E5E9}.Debug|Any CPU.ActiveCfg = Debug|Any CPU
		{92C95BC3-653F-40F6-972E-64F9B347E5E9}.Debug|Any CPU.Build.0 = Debug|Any CPU
		{92C95BC3-653F-40F6-972E-64F9B347E5E9}.Release|Any CPU.ActiveCfg = Release|Any CPU
		{92C95BC3-653F-40F6-972E-64F9B347E5E9}.Release|Any CPU.Build.0 = Release|Any CPU
		{56A65754-792C-4965-9BB6-17375261AAB6}.Debug|Any CPU.ActiveCfg = Debug|Any CPU
		{56A65754-792C-4965-9BB6-17375261AAB6}.Debug|Any CPU.Build.0 = Debug|Any CPU
		{56A65754-792C-4965-9BB6-17375261AAB6}.Release|Any CPU.ActiveCfg = Release|Any CPU
		{56A65754-792C-4965-9BB6-17375261AAB6}.Release|Any CPU.Build.0 = Release|Any CPU
		{94FBAD3A-49FB-42CD-8CEA-E63A71A032B8}.Debug|Any CPU.ActiveCfg = Debug|Any CPU
		{94FBAD3A-49FB-42CD-8CEA-E63A71A032B8}.Debug|Any CPU.Build.0 = Debug|Any CPU
		{94FBAD3A-49FB-42CD-8CEA-E63A71A032B8}.Release|Any CPU.ActiveCfg = Release|Any CPU
		{94FBAD3A-49FB-42CD-8CEA-E63A71A032B8}.Release|Any CPU.Build.0 = Release|Any CPU
		{807B098C-DAB7-4D9B-887D-EABCE949F01D}.Debug|Any CPU.ActiveCfg = Debug|Any CPU
		{807B098C-DAB7-4D9B-887D-EABCE949F01D}.Debug|Any CPU.Build.0 = Debug|Any CPU
		{807B098C-DAB7-4D9B-887D-EABCE949F01D}.Release|Any CPU.ActiveCfg = Release|Any CPU
		{807B098C-DAB7-4D9B-887D-EABCE949F01D}.Release|Any CPU.Build.0 = Release|Any CPU
		{71475FB3-ADC0-4CBB-9C1B-70EF3A0432F3}.Debug|Any CPU.ActiveCfg = Debug|Any CPU
		{71475FB3-ADC0-4CBB-9C1B-70EF3A0432F3}.Debug|Any CPU.Build.0 = Debug|Any CPU
		{71475FB3-ADC0-4CBB-9C1B-70EF3A0432F3}.Release|Any CPU.ActiveCfg = Release|Any CPU
		{71475FB3-ADC0-4CBB-9C1B-70EF3A0432F3}.Release|Any CPU.Build.0 = Release|Any CPU
	EndGlobalSection
	GlobalSection(SolutionProperties) = preSolution
		HideSolutionNode = FALSE
	EndGlobalSection
	GlobalSection(ExtensibilityGlobals) = postSolution
		SolutionGuid = {2B388E95-B46F-459C-B7FE-D48CEB62C6E8}
	EndGlobalSection
EndGlobal
